
Microsoft Visual Studio Solution File, Format Version 12.00
# Visual Studio 15
VisualStudioVersion = 15.0.28307.757
MinimumVisualStudioVersion = 10.0.40219.1
Project("{FAE04EC0-301F-11D3-BF4B-00C04F79EFBC}") = "JsonSchemaGenTest", "JsonSchemaGenTest\JsonSchemaGenTest.csproj", "{2C5F0BE8-69AA-4DF8-8376-267821D1D594}"
EndProject
Global
	GlobalSection(SolutionConfigurationPlatforms) = preSolution
		Debug|Any CPU = Debug|Any CPU
		Release|Any CPU = Release|Any CPU
	EndGlobalSection
	GlobalSection(ProjectConfigurationPlatforms) = postSolution
		{2C5F0BE8-69AA-4DF8-8376-267821D1D594}.Debug|Any CPU.ActiveCfg = Debug|Any CPU
		{2C5F0BE8-69AA-4DF8-8376-267821D1D594}.Debug|Any CPU.Build.0 = Debug|Any CPU
		{2C5F0BE8-69AA-4DF8-8376-267821D1D594}.Release|Any CPU.ActiveCfg = Release|Any CPU
		{2C5F0BE8-69AA-4DF8-8376-267821D1D594}.Release|Any CPU.Build.0 = Release|Any CPU
	EndGlobalSection
	GlobalSection(SolutionProperties) = preSolution
		HideSolutionNode = FALSE
	EndGlobalSection
	GlobalSection(ExtensibilityGlobals) = postSolution
		SolutionGuid = {554C9644-F8B5-4C38-B3F1-2EE8509D38D3}
	EndGlobalSection
EndGlobal
